
Microsoft Visual Studio Solution File, Format Version 12.00
# Visual Studio Version 17
VisualStudioVersion = 17.13.35828.75 d17.13
MinimumVisualStudioVersion = 10.0.40219.1
Project("{FAE04EC0-301F-11D3-BF4B-00C04F79EFBC}") = "WindowsFormsApp0416", "WindowsFormsApp0416.csproj", "{DE0DD8FA-275F-4134-B7EC-EE1CEDB7C7F9}"
EndProject
Global
	GlobalSection(SolutionConfigurationPlatforms) = preSolution
		Debug|Any CPU = Debug|Any CPU
		Release|Any CPU = Release|Any CPU
	EndGlobalSection
	GlobalSection(ProjectConfigurationPlatforms) = postSolution
		{DE0DD8FA-275F-4134-B7EC-EE1CEDB7C7F9}.Debug|Any CPU.ActiveCfg = Debug|Any CPU
		{DE0DD8FA-275F-4134-B7EC-EE1CEDB7C7F9}.Debug|Any CPU.Build.0 = Debug|Any CPU
		{DE0DD8FA-275F-4134-B7EC-EE1CEDB7C7F9}.Release|Any CPU.ActiveCfg = Release|Any CPU
		{DE0DD8FA-275F-4134-B7EC-EE1CEDB7C7F9}.Release|Any CPU.Build.0 = Release|Any CPU
	EndGlobalSection
	GlobalSection(SolutionProperties) = preSolution
		HideSolutionNode = FALSE
	EndGlobalSection
	GlobalSection(ExtensibilityGlobals) = postSolution
		SolutionGuid = {88CCA5A6-C730-4ED0-96C1-5D3DE1D8E67B}
	EndGlobalSection
EndGlobal
