
Microsoft Visual Studio Solution File, Format Version 12.00
# Visual Studio Version 17
VisualStudioVersion = 17.13.35828.75 d17.13
MinimumVisualStudioVersion = 10.0.40219.1
Project("{FAE04EC0-301F-11D3-BF4B-00C04F79EFBC}") = "WindowsFormsApp0507", "WindowsFormsApp0507.csproj", "{A830F4DC-6980-4894-AD62-831EB293B9B8}"
EndProject
Global
	GlobalSection(SolutionConfigurationPlatforms) = preSolution
		Debug|Any CPU = Debug|Any CPU
		Release|Any CPU = Release|Any CPU
	EndGlobalSection
	GlobalSection(ProjectConfigurationPlatforms) = postSolution
		{A830F4DC-6980-4894-AD62-831EB293B9B8}.Debug|Any CPU.ActiveCfg = Debug|Any CPU
		{A830F4DC-6980-4894-AD62-831EB293B9B8}.Debug|Any CPU.Build.0 = Debug|Any CPU
		{A830F4DC-6980-4894-AD62-831EB293B9B8}.Release|Any CPU.ActiveCfg = Release|Any CPU
		{A830F4DC-6980-4894-AD62-831EB293B9B8}.Release|Any CPU.Build.0 = Release|Any CPU
	EndGlobalSection
	GlobalSection(SolutionProperties) = preSolution
		HideSolutionNode = FALSE
	EndGlobalSection
	GlobalSection(ExtensibilityGlobals) = postSolution
		SolutionGuid = {0EEE1501-E611-4BA2-9B29-DE1951F9E4FB}
	EndGlobalSection
EndGlobal
