
Microsoft Visual Studio Solution File, Format Version 12.00
# Visual Studio Version 17
VisualStudioVersion = 17.13.35931.197 d17.13
MinimumVisualStudioVersion = 10.0.40219.1
Project("{FAE04EC0-301F-11D3-BF4B-00C04F79EFBC}") = "PLC_Test_0528", "PLC_Test_0528.csproj", "{05FCC1DA-675A-4307-A099-0E48542D1583}"
EndProject
Global
	GlobalSection(SolutionConfigurationPlatforms) = preSolution
		Debug|Any CPU = Debug|Any CPU
		Release|Any CPU = Release|Any CPU
	EndGlobalSection
	GlobalSection(ProjectConfigurationPlatforms) = postSolution
		{05FCC1DA-675A-4307-A099-0E48542D1583}.Debug|Any CPU.ActiveCfg = Debug|Any CPU
		{05FCC1DA-675A-4307-A099-0E48542D1583}.Debug|Any CPU.Build.0 = Debug|Any CPU
		{05FCC1DA-675A-4307-A099-0E48542D1583}.Release|Any CPU.ActiveCfg = Release|Any CPU
		{05FCC1DA-675A-4307-A099-0E48542D1583}.Release|Any CPU.Build.0 = Release|Any CPU
	EndGlobalSection
	GlobalSection(SolutionProperties) = preSolution
		HideSolutionNode = FALSE
	EndGlobalSection
	GlobalSection(ExtensibilityGlobals) = postSolution
		SolutionGuid = {D25643F0-A339-4371-8413-DE9B0CFADAD8}
	EndGlobalSection
EndGlobal
