
Microsoft Visual Studio Solution File, Format Version 12.00
# Visual Studio Version 17
VisualStudioVersion = 17.13.35931.197 d17.13
MinimumVisualStudioVersion = 10.0.40219.1
Project("{FAE04EC0-301F-11D3-BF4B-00C04F79EFBC}") = "PLC_Test_0521", "PLC_Test_0521.csproj", "{D74A6940-9F2E-4931-A527-82D3A25F686A}"
EndProject
Global
	GlobalSection(SolutionConfigurationPlatforms) = preSolution
		Debug|Any CPU = Debug|Any CPU
		Release|Any CPU = Release|Any CPU
	EndGlobalSection
	GlobalSection(ProjectConfigurationPlatforms) = postSolution
		{D74A6940-9F2E-4931-A527-82D3A25F686A}.Debug|Any CPU.ActiveCfg = Debug|Any CPU
		{D74A6940-9F2E-4931-A527-82D3A25F686A}.Debug|Any CPU.Build.0 = Debug|Any CPU
		{D74A6940-9F2E-4931-A527-82D3A25F686A}.Release|Any CPU.ActiveCfg = Release|Any CPU
		{D74A6940-9F2E-4931-A527-82D3A25F686A}.Release|Any CPU.Build.0 = Release|Any CPU
	EndGlobalSection
	GlobalSection(SolutionProperties) = preSolution
		HideSolutionNode = FALSE
	EndGlobalSection
	GlobalSection(ExtensibilityGlobals) = postSolution
		SolutionGuid = {15C141AC-671F-4A32-83DD-80102042AEC9}
	EndGlobalSection
EndGlobal
